// !$*UTF8*$!
{
	archiveVersion = 1;
	classes = {
	};
	objectVersion = 56;
	objects = {

/* Begin PBXBuildFile section */
		C33C81CA2A62BE9F0087405D /* TouchDownApp.swift in Sources */ = {isa = PBXBuildFile; fileRef = C33C81C92A62BE9F0087405D /* TouchDownApp.swift */; };
		C33C81CC2A62BE9F0087405D /* ContentView.swift in Sources */ = {isa = PBXBuildFile; fileRef = C33C81CB2A62BE9F0087405D /* ContentView.swift */; };
		C33C81CE2A62BEA00087405D /* Assets.xcassets in Resources */ = {isa = PBXBuildFile; fileRef = C33C81CD2A62BEA00087405D /* Assets.xcassets */; };
		C33C81D22A62BEA00087405D /* Preview Assets.xcassets in Resources */ = {isa = PBXBuildFile; fileRef = C33C81D12A62BEA00087405D /* Preview Assets.xcassets */; };
		C33C81D92A62C0500087405D /* Data in Resources */ = {isa = PBXBuildFile; fileRef = C33C81D82A62C0500087405D /* Data */; };
		C33C81E32A62C1B80087405D /* Constants.swift in Sources */ = {isa = PBXBuildFile; fileRef = C33C81E22A62C1B80087405D /* Constants.swift */; };
		C33C81E52A62C2830087405D /* FooterView.swift in Sources */ = {isa = PBXBuildFile; fileRef = C33C81E42A62C2830087405D /* FooterView.swift */; };
		C33C81E72A62C8B70087405D /* NavigationBarView.swift in Sources */ = {isa = PBXBuildFile; fileRef = C33C81E62A62C8B70087405D /* NavigationBarView.swift */; };
		C33C81E92A62CB750087405D /* LogoView.swift in Sources */ = {isa = PBXBuildFile; fileRef = C33C81E82A62CB750087405D /* LogoView.swift */; };
/* End PBXBuildFile section */

/* Begin PBXFileReference section */
		C33C81C62A62BE9F0087405D /* TouchDown.app */ = {isa = PBXFileReference; explicitFileType = wrapper.application; includeInIndex = 0; path = TouchDown.app; sourceTree = BUILT_PRODUCTS_DIR; };
		C33C81C92A62BE9F0087405D /* TouchDownApp.swift */ = {isa = PBXFileReference; lastKnownFileType = sourcecode.swift; path = TouchDownApp.swift; sourceTree = "<group>"; };
		C33C81CB2A62BE9F0087405D /* ContentView.swift */ = {isa = PBXFileReference; lastKnownFileType = sourcecode.swift; path = ContentView.swift; sourceTree = "<group>"; };
		C33C81CD2A62BEA00087405D /* Assets.xcassets */ = {isa = PBXFileReference; lastKnownFileType = folder.assetcatalog; path = Assets.xcassets; sourceTree = "<group>"; };
		C33C81CF2A62BEA00087405D /* TouchDown.entitlements */ = {isa = PBXFileReference; lastKnownFileType = text.plist.entitlements; path = TouchDown.entitlements; sourceTree = "<group>"; };
		C33C81D12A62BEA00087405D /* Preview Assets.xcassets */ = {isa = PBXFileReference; lastKnownFileType = folder.assetcatalog; path = "Preview Assets.xcassets"; sourceTree = "<group>"; };
		C33C81D82A62C0500087405D /* Data */ = {isa = PBXFileReference; lastKnownFileType = folder; path = Data; sourceTree = "<group>"; };
		C33C81E22A62C1B80087405D /* Constants.swift */ = {isa = PBXFileReference; lastKnownFileType = sourcecode.swift; path = Constants.swift; sourceTree = "<group>"; };
		C33C81E42A62C2830087405D /* FooterView.swift */ = {isa = PBXFileReference; lastKnownFileType = sourcecode.swift; path = FooterView.swift; sourceTree = "<group>"; };
		C33C81E62A62C8B70087405D /* NavigationBarView.swift */ = {isa = PBXFileReference; lastKnownFileType = sourcecode.swift; path = NavigationBarView.swift; sourceTree = "<group>"; };
		C33C81E82A62CB750087405D /* LogoView.swift */ = {isa = PBXFileReference; lastKnownFileType = sourcecode.swift; path = LogoView.swift; sourceTree = "<group>"; };
/* End PBXFileReference section */

/* Begin PBXFrameworksBuildPhase section */
		C33C81C32A62BE9F0087405D /* Frameworks */ = {
			isa = PBXFrameworksBuildPhase;
			buildActionMask = 2147483647;
			files = (
			);
			runOnlyForDeploymentPostprocessing = 0;
		};
/* End PBXFrameworksBuildPhase section */

/* Begin PBXGroup section */
		C33C81BD2A62BE9F0087405D = {
			isa = PBXGroup;
			children = (
				C33C81C82A62BE9F0087405D /* TouchDown */,
				C33C81C72A62BE9F0087405D /* Products */,
			);
			sourceTree = "<group>";
		};
		C33C81C72A62BE9F0087405D /* Products */ = {
			isa = PBXGroup;
			children = (
				C33C81C62A62BE9F0087405D /* TouchDown.app */,
			);
			name = Products;
			sourceTree = "<group>";
		};
		C33C81C82A62BE9F0087405D /* TouchDown */ = {
			isa = PBXGroup;
			children = (
				C33C81DB2A62C1380087405D /* View */,
				C33C81DE2A62C1690087405D /* Utility */,
				C33C81DD2A62C1630087405D /* Extensions */,
				C33C81DC2A62C15D0087405D /* Model */,
				C33C81D82A62C0500087405D /* Data */,
				C33C81DA2A62C1290087405D /* App */,
				C33C81CD2A62BEA00087405D /* Assets.xcassets */,
				C33C81CF2A62BEA00087405D /* TouchDown.entitlements */,
				C33C81D02A62BEA00087405D /* Preview Content */,
			);
			path = TouchDown;
			sourceTree = "<group>";
		};
		C33C81D02A62BEA00087405D /* Preview Content */ = {
			isa = PBXGroup;
			children = (
				C33C81D12A62BEA00087405D /* Preview Assets.xcassets */,
			);
			path = "Preview Content";
			sourceTree = "<group>";
		};
		C33C81DA2A62C1290087405D /* App */ = {
			isa = PBXGroup;
			children = (
				C33C81C92A62BE9F0087405D /* TouchDownApp.swift */,
				C33C81CB2A62BE9F0087405D /* ContentView.swift */,
			);
			path = App;
			sourceTree = "<group>";
		};
		C33C81DB2A62C1380087405D /* View */ = {
			isa = PBXGroup;
			children = (
				C33C81E12A62C19D0087405D /* Details */,
				C33C81E02A62C1950087405D /* Home */,
			);
			path = View;
			sourceTree = "<group>";
		};
		C33C81DC2A62C15D0087405D /* Model */ = {
			isa = PBXGroup;
			children = (
			);
			path = Model;
			sourceTree = "<group>";
		};
		C33C81DD2A62C1630087405D /* Extensions */ = {
			isa = PBXGroup;
			children = (
				C33C81E22A62C1B80087405D /* Constants.swift */,
			);
			path = Extensions;
			sourceTree = "<group>";
		};
		C33C81DE2A62C1690087405D /* Utility */ = {
			isa = PBXGroup;
			children = (
			);
			path = Utility;
			sourceTree = "<group>";
		};
		C33C81E02A62C1950087405D /* Home */ = {
			isa = PBXGroup;
			children = (
				C33C81E42A62C2830087405D /* FooterView.swift */,
				C33C81E62A62C8B70087405D /* NavigationBarView.swift */,
				C33C81E82A62CB750087405D /* LogoView.swift */,
			);
			path = Home;
			sourceTree = "<group>";
		};
		C33C81E12A62C19D0087405D /* Details */ = {
			isa = PBXGroup;
			children = (
			);
			path = Details;
			sourceTree = "<group>";
		};
/* End PBXGroup section */

/* Begin PBXNativeTarget section */
		C33C81C52A62BE9F0087405D /* TouchDown */ = {
			isa = PBXNativeTarget;
			buildConfigurationList = C33C81D52A62BEA00087405D /* Build configuration list for PBXNativeTarget "TouchDown" */;
			buildPhases = (
				C33C81C22A62BE9F0087405D /* Sources */,
				C33C81C32A62BE9F0087405D /* Frameworks */,
				C33C81C42A62BE9F0087405D /* Resources */,
			);
			buildRules = (
			);
			dependencies = (
			);
			name = TouchDown;
			productName = TouchDown;
			productReference = C33C81C62A62BE9F0087405D /* TouchDown.app */;
			productType = "com.apple.product-type.application";
		};
/* End PBXNativeTarget section */

/* Begin PBXProject section */
		C33C81BE2A62BE9F0087405D /* Project object */ = {
			isa = PBXProject;
			attributes = {
				BuildIndependentTargetsInParallel = 1;
				LastSwiftUpdateCheck = 1430;
				LastUpgradeCheck = 1430;
				TargetAttributes = {
					C33C81C52A62BE9F0087405D = {
						CreatedOnToolsVersion = 14.3;
					};
				};
			};
			buildConfigurationList = C33C81C12A62BE9F0087405D /* Build configuration list for PBXProject "TouchDown" */;
			compatibilityVersion = "Xcode 14.0";
			developmentRegion = en;
			hasScannedForEncodings = 0;
			knownRegions = (
				en,
				Base,
			);
			mainGroup = C33C81BD2A62BE9F0087405D;
			productRefGroup = C33C81C72A62BE9F0087405D /* Products */;
			projectDirPath = "";
			projectRoot = "";
			targets = (
				C33C81C52A62BE9F0087405D /* TouchDown */,
			);
		};
/* End PBXProject section */

/* Begin PBXResourcesBuildPhase section */
		C33C81C42A62BE9F0087405D /* Resources */ = {
			isa = PBXResourcesBuildPhase;
			buildActionMask = 2147483647;
			files = (
				C33C81D22A62BEA00087405D /* Preview Assets.xcassets in Resources */,
				C33C81CE2A62BEA00087405D /* Assets.xcassets in Resources */,
				C33C81D92A62C0500087405D /* Data in Resources */,
			);
			runOnlyForDeploymentPostprocessing = 0;
		};
/* End PBXResourcesBuildPhase section */

/* Begin PBXSourcesBuildPhase section */
		C33C81C22A62BE9F0087405D /* Sources */ = {
			isa = PBXSourcesBuildPhase;
			buildActionMask = 2147483647;
			files = (
				C33C81CC2A62BE9F0087405D /* ContentView.swift in Sources */,
				C33C81E92A62CB750087405D /* LogoView.swift in Sources */,
				C33C81E52A62C2830087405D /* FooterView.swift in Sources */,
				C33C81CA2A62BE9F0087405D /* TouchDownApp.swift in Sources */,
				C33C81E32A62C1B80087405D /* Constants.swift in Sources */,
				C33C81E72A62C8B70087405D /* NavigationBarView.swift in Sources */,
			);
			runOnlyForDeploymentPostprocessing = 0;
		};
/* End PBXSourcesBuildPhase section */

/* Begin XCBuildConfiguration section */
		C33C81D32A62BEA00087405D /* Debug */ = {
			isa = XCBuildConfiguration;
			buildSettings = {
				ALWAYS_SEARCH_USER_PATHS = NO;
				CLANG_ANALYZER_NONNULL = YES;
				CLANG_ANALYZER_NUMBER_OBJECT_CONVERSION = YES_AGGRESSIVE;
				CLANG_CXX_LANGUAGE_STANDARD = "gnu++20";
				CLANG_ENABLE_MODULES = YES;
				CLANG_ENABLE_OBJC_ARC = YES;
				CLANG_ENABLE_OBJC_WEAK = YES;
				CLANG_WARN_BLOCK_CAPTURE_AUTORELEASING = YES;
				CLANG_WARN_BOOL_CONVERSION = YES;
				CLANG_WARN_COMMA = YES;
				CLANG_WARN_CONSTANT_CONVERSION = YES;
				CLANG_WARN_DEPRECATED_OBJC_IMPLEMENTATIONS = YES;
				CLANG_WARN_DIRECT_OBJC_ISA_USAGE = YES_ERROR;
				CLANG_WARN_DOCUMENTATION_COMMENTS = YES;
				CLANG_WARN_EMPTY_BODY = YES;
				CLANG_WARN_ENUM_CONVERSION = YES;
				CLANG_WARN_INFINITE_RECURSION = YES;
				CLANG_WARN_INT_CONVERSION = YES;
				CLANG_WARN_NON_LITERAL_NULL_CONVERSION = YES;
				CLANG_WARN_OBJC_IMPLICIT_RETAIN_SELF = YES;
				CLANG_WARN_OBJC_LITERAL_CONVERSION = YES;
				CLANG_WARN_OBJC_ROOT_CLASS = YES_ERROR;
				CLANG_WARN_QUOTED_INCLUDE_IN_FRAMEWORK_HEADER = YES;
				CLANG_WARN_RANGE_LOOP_ANALYSIS = YES;
				CLANG_WARN_STRICT_PROTOTYPES = YES;
				CLANG_WARN_SUSPICIOUS_MOVE = YES;
				CLANG_WARN_UNGUARDED_AVAILABILITY = YES_AGGRESSIVE;
				CLANG_WARN_UNREACHABLE_CODE = YES;
				CLANG_WARN__DUPLICATE_METHOD_MATCH = YES;
				COPY_PHASE_STRIP = NO;
				DEBUG_INFORMATION_FORMAT = dwarf;
				ENABLE_STRICT_OBJC_MSGSEND = YES;
				ENABLE_TESTABILITY = YES;
				GCC_C_LANGUAGE_STANDARD = gnu11;
				GCC_DYNAMIC_NO_PIC = NO;
				GCC_NO_COMMON_BLOCKS = YES;
				GCC_OPTIMIZATION_LEVEL = 0;
				GCC_PREPROCESSOR_DEFINITIONS = (
					"DEBUG=1",
					"$(inherited)",
				);
				GCC_WARN_64_TO_32_BIT_CONVERSION = YES;
				GCC_WARN_ABOUT_RETURN_TYPE = YES_ERROR;
				GCC_WARN_UNDECLARED_SELECTOR = YES;
				GCC_WARN_UNINITIALIZED_AUTOS = YES_AGGRESSIVE;
				GCC_WARN_UNUSED_FUNCTION = YES;
				GCC_WARN_UNUSED_VARIABLE = YES;
				MTL_ENABLE_DEBUG_INFO = INCLUDE_SOURCE;
				MTL_FAST_MATH = YES;
				ONLY_ACTIVE_ARCH = YES;
				SWIFT_ACTIVE_COMPILATION_CONDITIONS = DEBUG;
				SWIFT_OPTIMIZATION_LEVEL = "-Onone";
			};
			name = Debug;
		};
		C33C81D42A62BEA00087405D /* Release */ = {
			isa = XCBuildConfiguration;
			buildSettings = {
				ALWAYS_SEARCH_USER_PATHS = NO;
				CLANG_ANALYZER_NONNULL = YES;
				CLANG_ANALYZER_NUMBER_OBJECT_CONVERSION = YES_AGGRESSIVE;
				CLANG_CXX_LANGUAGE_STANDARD = "gnu++20";
				CLANG_ENABLE_MODULES = YES;
				CLANG_ENABLE_OBJC_ARC = YES;
				CLANG_ENABLE_OBJC_WEAK = YES;
				CLANG_WARN_BLOCK_CAPTURE_AUTORELEASING = YES;
				CLANG_WARN_BOOL_CONVERSION = YES;
				CLANG_WARN_COMMA = YES;
				CLANG_WARN_CONSTANT_CONVERSION = YES;
				CLANG_WARN_DEPRECATED_OBJC_IMPLEMENTATIONS = YES;
				CLANG_WARN_DIRECT_OBJC_ISA_USAGE = YES_ERROR;
				CLANG_WARN_DOCUMENTATION_COMMENTS = YES;
				CLANG_WARN_EMPTY_BODY = YES;
				CLANG_WARN_ENUM_CONVERSION = YES;
				CLANG_WARN_INFINITE_RECURSION = YES;
				CLANG_WARN_INT_CONVERSION = YES;
				CLANG_WARN_NON_LITERAL_NULL_CONVERSION = YES;
				CLANG_WARN_OBJC_IMPLICIT_RETAIN_SELF = YES;
				CLANG_WARN_OBJC_LITERAL_CONVERSION = YES;
				CLANG_WARN_OBJC_ROOT_CLASS = YES_ERROR;
				CLANG_WARN_QUOTED_INCLUDE_IN_FRAMEWORK_HEADER = YES;
				CLANG_WARN_RANGE_LOOP_ANALYSIS = YES;
				CLANG_WARN_STRICT_PROTOTYPES = YES;
				CLANG_WARN_SUSPICIOUS_MOVE = YES;
				CLANG_WARN_UNGUARDED_AVAILABILITY = YES_AGGRESSIVE;
				CLANG_WARN_UNREACHABLE_CODE = YES;
				CLANG_WARN__DUPLICATE_METHOD_MATCH = YES;
				COPY_PHASE_STRIP = NO;
				DEBUG_INFORMATION_FORMAT = "dwarf-with-dsym";
				ENABLE_NS_ASSERTIONS = NO;
				ENABLE_STRICT_OBJC_MSGSEND = YES;
				GCC_C_LANGUAGE_STANDARD = gnu11;
				GCC_NO_COMMON_BLOCKS = YES;
				GCC_WARN_64_TO_32_BIT_CONVERSION = YES;
				GCC_WARN_ABOUT_RETURN_TYPE = YES_ERROR;
				GCC_WARN_UNDECLARED_SELECTOR = YES;
				GCC_WARN_UNINITIALIZED_AUTOS = YES_AGGRESSIVE;
				GCC_WARN_UNUSED_FUNCTION = YES;
				GCC_WARN_UNUSED_VARIABLE = YES;
				MTL_ENABLE_DEBUG_INFO = NO;
				MTL_FAST_MATH = YES;
				SWIFT_COMPILATION_MODE = wholemodule;
				SWIFT_OPTIMIZATION_LEVEL = "-O";
			};
			name = Release;
		};
		C33C81D62A62BEA00087405D /* Debug */ = {
			isa = XCBuildConfiguration;
			buildSettings = {
				ASSETCATALOG_COMPILER_APPICON_NAME = AppIcon;
				ASSETCATALOG_COMPILER_GLOBAL_ACCENT_COLOR_NAME = AccentColor;
				CODE_SIGN_ENTITLEMENTS = TouchDown/TouchDown.entitlements;
				CODE_SIGN_STYLE = Automatic;
				CURRENT_PROJECT_VERSION = 1;
				DEVELOPMENT_ASSET_PATHS = "\"TouchDown/Preview Content\"";
				DEVELOPMENT_TEAM = AGP6R63T2F;
				ENABLE_HARDENED_RUNTIME = YES;
				ENABLE_PREVIEWS = YES;
				GENERATE_INFOPLIST_FILE = YES;
				"INFOPLIST_KEY_UIApplicationSceneManifest_Generation[sdk=iphoneos*]" = YES;
				"INFOPLIST_KEY_UIApplicationSceneManifest_Generation[sdk=iphonesimulator*]" = YES;
				"INFOPLIST_KEY_UIApplicationSupportsIndirectInputEvents[sdk=iphoneos*]" = YES;
				"INFOPLIST_KEY_UIApplicationSupportsIndirectInputEvents[sdk=iphonesimulator*]" = YES;
				"INFOPLIST_KEY_UILaunchScreen_Generation[sdk=iphoneos*]" = YES;
				"INFOPLIST_KEY_UILaunchScreen_Generation[sdk=iphonesimulator*]" = YES;
				"INFOPLIST_KEY_UIStatusBarStyle[sdk=iphoneos*]" = UIStatusBarStyleDefault;
				"INFOPLIST_KEY_UIStatusBarStyle[sdk=iphonesimulator*]" = UIStatusBarStyleDefault;
				INFOPLIST_KEY_UISupportedInterfaceOrientations = UIInterfaceOrientationPortrait;
				INFOPLIST_KEY_UISupportedInterfaceOrientations_iPad = "UIInterfaceOrientationLandscapeLeft UIInterfaceOrientationLandscapeRight UIInterfaceOrientationPortrait UIInterfaceOrientationPortraitUpsideDown";
				INFOPLIST_KEY_UIUserInterfaceStyle = Light;
				IPHONEOS_DEPLOYMENT_TARGET = 16.4;
				LD_RUNPATH_SEARCH_PATHS = "@executable_path/Frameworks";
				"LD_RUNPATH_SEARCH_PATHS[sdk=macosx*]" = "@executable_path/../Frameworks";
				MACOSX_DEPLOYMENT_TARGET = 13.3;
				MARKETING_VERSION = 1.0;
				PRODUCT_BUNDLE_IDENTIFIER = in.ashwani.TouchDown;
				PRODUCT_NAME = "$(TARGET_NAME)";
				SDKROOT = auto;
				SUPPORTED_PLATFORMS = "iphoneos iphonesimulator";
				SUPPORTS_MACCATALYST = NO;
				SUPPORTS_MAC_DESIGNED_FOR_IPHONE_IPAD = NO;
				SWIFT_EMIT_LOC_STRINGS = YES;
				SWIFT_VERSION = 5.0;
				TARGETED_DEVICE_FAMILY = 1;
			};
			name = Debug;
		};
		C33C81D72A62BEA00087405D /* Release */ = {
			isa = XCBuildConfiguration;
			buildSettings = {
				ASSETCATALOG_COMPILER_APPICON_NAME = AppIcon;
				ASSETCATALOG_COMPILER_GLOBAL_ACCENT_COLOR_NAME = AccentColor;
				CODE_SIGN_ENTITLEMENTS = TouchDown/TouchDown.entitlements;
				CODE_SIGN_STYLE = Automatic;
				CURRENT_PROJECT_VERSION = 1;
				DEVELOPMENT_ASSET_PATHS = "\"TouchDown/Preview Content\"";
				DEVELOPMENT_TEAM = AGP6R63T2F;
				ENABLE_HARDENED_RUNTIME = YES;
				ENABLE_PREVIEWS = YES;
				GENERATE_INFOPLIST_FILE = YES;
				"INFOPLIST_KEY_UIApplicationSceneManifest_Generation[sdk=iphoneos*]" = YES;
				"INFOPLIST_KEY_UIApplicationSceneManifest_Generation[sdk=iphonesimulator*]" = YES;
				"INFOPLIST_KEY_UIApplicationSupportsIndirectInputEvents[sdk=iphoneos*]" = YES;
				"INFOPLIST_KEY_UIApplicationSupportsIndirectInputEvents[sdk=iphonesimulator*]" = YES;
				"INFOPLIST_KEY_UILaunchScreen_Generation[sdk=iphoneos*]" = YES;
				"INFOPLIST_KEY_UILaunchScreen_Generation[sdk=iphonesimulator*]" = YES;
				"INFOPLIST_KEY_UIStatusBarStyle[sdk=iphoneos*]" = UIStatusBarStyleDefault;
				"INFOPLIST_KEY_UIStatusBarStyle[sdk=iphonesimulator*]" = UIStatusBarStyleDefault;
				INFOPLIST_KEY_UISupportedInterfaceOrientations = UIInterfaceOrientationPortrait;
				INFOPLIST_KEY_UISupportedInterfaceOrientations_iPad = "UIInterfaceOrientationLandscapeLeft UIInterfaceOrientationLandscapeRight UIInterfaceOrientationPortrait UIInterfaceOrientationPortraitUpsideDown";
				INFOPLIST_KEY_UIUserInterfaceStyle = Light;
				IPHONEOS_DEPLOYMENT_TARGET = 16.4;
				LD_RUNPATH_SEARCH_PATHS = "@executable_path/Frameworks";
				"LD_RUNPATH_SEARCH_PATHS[sdk=macosx*]" = "@executable_path/../Frameworks";
				MACOSX_DEPLOYMENT_TARGET = 13.3;
				MARKETING_VERSION = 1.0;
				PRODUCT_BUNDLE_IDENTIFIER = in.ashwani.TouchDown;
				PRODUCT_NAME = "$(TARGET_NAME)";
				SDKROOT = auto;
				SUPPORTED_PLATFORMS = "iphoneos iphonesimulator";
				SUPPORTS_MACCATALYST = NO;
				SUPPORTS_MAC_DESIGNED_FOR_IPHONE_IPAD = NO;
				SWIFT_EMIT_LOC_STRINGS = YES;
				SWIFT_VERSION = 5.0;
				TARGETED_DEVICE_FAMILY = 1;
			};
			name = Release;
		};
/* End XCBuildConfiguration section */

/* Begin XCConfigurationList section */
		C33C81C12A62BE9F0087405D /* Build configuration list for PBXProject "TouchDown" */ = {
			isa = XCConfigurationList;
			buildConfigurations = (
				C33C81D32A62BEA00087405D /* Debug */,
				C33C81D42A62BEA00087405D /* Release */,
			);
			defaultConfigurationIsVisible = 0;
			defaultConfigurationName = Release;
		};
		C33C81D52A62BEA00087405D /* Build configuration list for PBXNativeTarget "TouchDown" */ = {
			isa = XCConfigurationList;
			buildConfigurations = (
				C33C81D62A62BEA00087405D /* Debug */,
				C33C81D72A62BEA00087405D /* Release */,
			);
			defaultConfigurationIsVisible = 0;
			defaultConfigurationName = Release;
		};
/* End XCConfigurationList section */
	};
	rootObject = C33C81BE2A62BE9F0087405D /* Project object */;
}
